
Microsoft Visual Studio Solution File, Format Version 12.00
# Visual Studio 2012
Project("{8BC9CEB8-8B4A-11D0-8D11-00A0C91BC942}") = "ch00-Window", "ch00-Window\ch00-Window.vcxproj", "{3E76759E-A215-42C7-BCC9-A8DBA2999C62}"
EndProject
Project("{8BC9CEB8-8B4A-11D0-8D11-00A0C91BC942}") = "ch06-1-Box", "ch06-1-Box\ch06-1-Box.vcxproj", "{9DDD1E71-1059-45BB-9DF1-5FFFE1E8D6A2}"
EndProject
Project("{8BC9CEB8-8B4A-11D0-8D11-00A0C91BC942}") = "ch06-2-Hills", "ch06-2-Hills\ch06-2-Hills.vcxproj", "{FEAADFD7-E92E-4762-8E7E-B22EEE2C2B2D}"
EndProject
Project("{8BC9CEB8-8B4A-11D0-8D11-00A0C91BC942}") = "ch06-3-Shapes", "ch06-3-Shapes\ch06-3-Shapes.vcxproj", "{0898D1F8-299C-450E-8488-C9F030E5A479}"
EndProject
Project("{8BC9CEB8-8B4A-11D0-8D11-00A0C91BC942}") = "ch06-4-Skull", "ch06-4-Skull\ch06-4-Skull.vcxproj", "{10A175D3-1E76-4136-897A-E70D84D3CA38}"
EndProject
Project("{8BC9CEB8-8B4A-11D0-8D11-00A0C91BC942}") = "ch06-5-Waves", "ch06-5-Waves\ch06-5-Waves.vcxproj", "{9CEACE91-5D94-4AD1-A68F-BF002D407949}"
EndProject
Project("{8BC9CEB8-8B4A-11D0-8D11-00A0C91BC942}") = "ch07-1-Lighting", "ch07-1-Lighting\ch07-1-Lighting.vcxproj", "{E5748272-9721-4956-950E-698992E8E18B}"
EndProject
Project("{8BC9CEB8-8B4A-11D0-8D11-00A0C91BC942}") = "ch07-2-LitSkull", "ch07-2-LitSkull\ch07-2-LitSkull.vcxproj", "{3FAD2DFE-27E0-47B7-A6F9-DB824DF63AB6}"
EndProject
Project("{8BC9CEB8-8B4A-11D0-8D11-00A0C91BC942}") = "ch09-1-Blend", "ch09-1-Blend\ch09-1-Blend.vcxproj", "{4B54D8A1-DFA8-4F77-89FD-AFAF35BF85CB}"
EndProject
Project("{8BC9CEB8-8B4A-11D0-8D11-00A0C91BC942}") = "ch10-1-Mirror", "ch10-1-Mirror\ch10-1-Mirror.vcxproj", "{D3FA8334-FABC-48D5-AAD1-3762FDD18FFA}"
EndProject
Project("{8BC9CEB8-8B4A-11D0-8D11-00A0C91BC942}") = "ch10-2-BoltAnim", "ch10-2-BoltAnim\ch10-2-BoltAnim.vcxproj", "{6CD8D737-1D7D-4906-B802-FA5F63055DDB}"
EndProject
Project("{8BC9CEB8-8B4A-11D0-8D11-00A0C91BC942}") = "ch08-1-Crate", "ch08-1-Crate\ch08-1-Crate.vcxproj", "{87F0FE31-9B68-449F-BD4F-461A98204C70}"
EndProject
Project("{8BC9CEB8-8B4A-11D0-8D11-00A0C91BC942}") = "ch08-2-FireAnim", "ch08-2-FireAnim\ch08-2-FireAnim.vcxproj", "{60CAF60B-A84F-4DF3-9C5C-8B8E1662D04E}"
EndProject
Project("{8BC9CEB8-8B4A-11D0-8D11-00A0C91BC942}") = "ch08-3-Texture-Hill-Wave", "ch08-3-Texture-Hill-Wave\ch08-3-Texture-Hill-Wave.vcxproj", "{BF377402-6293-4E00-B0ED-38455299715F}"
EndProject
Global
	GlobalSection(SolutionConfigurationPlatforms) = preSolution
		Debug|Win32 = Debug|Win32
		Release|Win32 = Release|Win32
	EndGlobalSection
	GlobalSection(ProjectConfigurationPlatforms) = postSolution
		{3E76759E-A215-42C7-BCC9-A8DBA2999C62}.Debug|Win32.ActiveCfg = Debug|Win32
		{3E76759E-A215-42C7-BCC9-A8DBA2999C62}.Debug|Win32.Build.0 = Debug|Win32
		{3E76759E-A215-42C7-BCC9-A8DBA2999C62}.Release|Win32.ActiveCfg = Release|Win32
		{3E76759E-A215-42C7-BCC9-A8DBA2999C62}.Release|Win32.Build.0 = Release|Win32
		{9DDD1E71-1059-45BB-9DF1-5FFFE1E8D6A2}.Debug|Win32.ActiveCfg = Debug|Win32
		{9DDD1E71-1059-45BB-9DF1-5FFFE1E8D6A2}.Debug|Win32.Build.0 = Debug|Win32
		{9DDD1E71-1059-45BB-9DF1-5FFFE1E8D6A2}.Release|Win32.ActiveCfg = Release|Win32
		{9DDD1E71-1059-45BB-9DF1-5FFFE1E8D6A2}.Release|Win32.Build.0 = Release|Win32
		{FEAADFD7-E92E-4762-8E7E-B22EEE2C2B2D}.Debug|Win32.ActiveCfg = Debug|Win32
		{FEAADFD7-E92E-4762-8E7E-B22EEE2C2B2D}.Debug|Win32.Build.0 = Debug|Win32
		{FEAADFD7-E92E-4762-8E7E-B22EEE2C2B2D}.Release|Win32.ActiveCfg = Release|Win32
		{FEAADFD7-E92E-4762-8E7E-B22EEE2C2B2D}.Release|Win32.Build.0 = Release|Win32
		{0898D1F8-299C-450E-8488-C9F030E5A479}.Debug|Win32.ActiveCfg = Debug|Win32
		{0898D1F8-299C-450E-8488-C9F030E5A479}.Debug|Win32.Build.0 = Debug|Win32
		{0898D1F8-299C-450E-8488-C9F030E5A479}.Release|Win32.ActiveCfg = Release|Win32
		{0898D1F8-299C-450E-8488-C9F030E5A479}.Release|Win32.Build.0 = Release|Win32
		{10A175D3-1E76-4136-897A-E70D84D3CA38}.Debug|Win32.ActiveCfg = Debug|Win32
		{10A175D3-1E76-4136-897A-E70D84D3CA38}.Debug|Win32.Build.0 = Debug|Win32
		{10A175D3-1E76-4136-897A-E70D84D3CA38}.Release|Win32.ActiveCfg = Release|Win32
		{10A175D3-1E76-4136-897A-E70D84D3CA38}.Release|Win32.Build.0 = Release|Win32
		{9CEACE91-5D94-4AD1-A68F-BF002D407949}.Debug|Win32.ActiveCfg = Debug|Win32
		{9CEACE91-5D94-4AD1-A68F-BF002D407949}.Debug|Win32.Build.0 = Debug|Win32
		{9CEACE91-5D94-4AD1-A68F-BF002D407949}.Release|Win32.ActiveCfg = Release|Win32
		{9CEACE91-5D94-4AD1-A68F-BF002D407949}.Release|Win32.Build.0 = Release|Win32
		{E5748272-9721-4956-950E-698992E8E18B}.Debug|Win32.ActiveCfg = Debug|Win32
		{E5748272-9721-4956-950E-698992E8E18B}.Debug|Win32.Build.0 = Debug|Win32
		{E5748272-9721-4956-950E-698992E8E18B}.Release|Win32.ActiveCfg = Release|Win32
		{E5748272-9721-4956-950E-698992E8E18B}.Release|Win32.Build.0 = Release|Win32
		{3FAD2DFE-27E0-47B7-A6F9-DB824DF63AB6}.Debug|Win32.ActiveCfg = Debug|Win32
		{3FAD2DFE-27E0-47B7-A6F9-DB824DF63AB6}.Debug|Win32.Build.0 = Debug|Win32
		{3FAD2DFE-27E0-47B7-A6F9-DB824DF63AB6}.Release|Win32.ActiveCfg = Release|Win32
		{3FAD2DFE-27E0-47B7-A6F9-DB824DF63AB6}.Release|Win32.Build.0 = Release|Win32
		{4B54D8A1-DFA8-4F77-89FD-AFAF35BF85CB}.Debug|Win32.ActiveCfg = Debug|Win32
		{4B54D8A1-DFA8-4F77-89FD-AFAF35BF85CB}.Debug|Win32.Build.0 = Debug|Win32
		{4B54D8A1-DFA8-4F77-89FD-AFAF35BF85CB}.Release|Win32.ActiveCfg = Release|Win32
		{4B54D8A1-DFA8-4F77-89FD-AFAF35BF85CB}.Release|Win32.Build.0 = Release|Win32
		{D3FA8334-FABC-48D5-AAD1-3762FDD18FFA}.Debug|Win32.ActiveCfg = Debug|Win32
		{D3FA8334-FABC-48D5-AAD1-3762FDD18FFA}.Debug|Win32.Build.0 = Debug|Win32
		{D3FA8334-FABC-48D5-AAD1-3762FDD18FFA}.Release|Win32.ActiveCfg = Release|Win32
		{D3FA8334-FABC-48D5-AAD1-3762FDD18FFA}.Release|Win32.Build.0 = Release|Win32
		{6CD8D737-1D7D-4906-B802-FA5F63055DDB}.Debug|Win32.ActiveCfg = Debug|Win32
		{6CD8D737-1D7D-4906-B802-FA5F63055DDB}.Debug|Win32.Build.0 = Debug|Win32
		{6CD8D737-1D7D-4906-B802-FA5F63055DDB}.Release|Win32.ActiveCfg = Release|Win32
		{6CD8D737-1D7D-4906-B802-FA5F63055DDB}.Release|Win32.Build.0 = Release|Win32
		{87F0FE31-9B68-449F-BD4F-461A98204C70}.Debug|Win32.ActiveCfg = Debug|Win32
		{87F0FE31-9B68-449F-BD4F-461A98204C70}.Debug|Win32.Build.0 = Debug|Win32
		{87F0FE31-9B68-449F-BD4F-461A98204C70}.Release|Win32.ActiveCfg = Release|Win32
		{87F0FE31-9B68-449F-BD4F-461A98204C70}.Release|Win32.Build.0 = Release|Win32
		{60CAF60B-A84F-4DF3-9C5C-8B8E1662D04E}.Debug|Win32.ActiveCfg = Debug|Win32
		{60CAF60B-A84F-4DF3-9C5C-8B8E1662D04E}.Debug|Win32.Build.0 = Debug|Win32
		{60CAF60B-A84F-4DF3-9C5C-8B8E1662D04E}.Release|Win32.ActiveCfg = Release|Win32
		{60CAF60B-A84F-4DF3-9C5C-8B8E1662D04E}.Release|Win32.Build.0 = Release|Win32
		{BF377402-6293-4E00-B0ED-38455299715F}.Debug|Win32.ActiveCfg = Debug|Win32
		{BF377402-6293-4E00-B0ED-38455299715F}.Debug|Win32.Build.0 = Debug|Win32
		{BF377402-6293-4E00-B0ED-38455299715F}.Release|Win32.ActiveCfg = Release|Win32
		{BF377402-6293-4E00-B0ED-38455299715F}.Release|Win32.Build.0 = Release|Win32
	EndGlobalSection
	GlobalSection(SolutionProperties) = preSolution
		HideSolutionNode = FALSE
	EndGlobalSection
EndGlobal
